
Microsoft Visual Studio Solution File, Format Version 12.00
# Visual Studio Version 17
VisualStudioVersion = 17.0.32112.339
MinimumVisualStudioVersion = 10.0.40219.1
Project("{FAE04EC0-301F-11D3-BF4B-00C04F79EFBC}") = "Safty modul", "Safty modul\Safty modul.csproj", "{6DE960BB-93BE-491F-96A9-ACA4D91A4CCA}"
EndProject
Project("{FAE04EC0-301F-11D3-BF4B-00C04F79EFBC}") = "SM", "SM\SM.csproj", "{B50F3601-CB46-43B9-B979-D0998F26901D}"
EndProject
Global
	GlobalSection(SolutionConfigurationPlatforms) = preSolution
		Debug|Any CPU = Debug|Any CPU
		Release|Any CPU = Release|Any CPU
	EndGlobalSection
	GlobalSection(ProjectConfigurationPlatforms) = postSolution
		{6DE960BB-93BE-491F-96A9-ACA4D91A4CCA}.Debug|Any CPU.ActiveCfg = Debug|Any CPU
		{6DE960BB-93BE-491F-96A9-ACA4D91A4CCA}.Debug|Any CPU.Build.0 = Debug|Any CPU
		{6DE960BB-93BE-491F-96A9-ACA4D91A4CCA}.Release|Any CPU.ActiveCfg = Release|Any CPU
		{6DE960BB-93BE-491F-96A9-ACA4D91A4CCA}.Release|Any CPU.Build.0 = Release|Any CPU
		{B50F3601-CB46-43B9-B979-D0998F26901D}.Debug|Any CPU.ActiveCfg = Debug|Any CPU
		{B50F3601-CB46-43B9-B979-D0998F26901D}.Debug|Any CPU.Build.0 = Debug|Any CPU
		{B50F3601-CB46-43B9-B979-D0998F26901D}.Release|Any CPU.ActiveCfg = Release|Any CPU
		{B50F3601-CB46-43B9-B979-D0998F26901D}.Release|Any CPU.Build.0 = Release|Any CPU
	EndGlobalSection
	GlobalSection(SolutionProperties) = preSolution
		HideSolutionNode = FALSE
	EndGlobalSection
	GlobalSection(ExtensibilityGlobals) = postSolution
		SolutionGuid = {738FAF61-0932-4033-9760-B046E8565AEB}
	EndGlobalSection
EndGlobal
